{
  "projects": [
    {
      "projectId": "caTPwKxj5ZrD9LQ7DMdK4Z",
      "version": "3.33.0",
      "dependencies": {},
      "lang": "ts",
      "fileLocks": [
        {
          "assetId": "caTPwKxj5ZrD9LQ7DMdK4Z",
          "type": "projectCss",
          "checksum": "e1ec850476829c38b0f9b6d4f7ac446a"
        }
      ],
      "codegenVersion": "0.0.1"
    },
    {
      "projectId": "ZK3Ka3GLBNfX7wb1NZz6y",
      "version": "latest",
      "dependencies": {
        "caTPwKxj5ZrD9LQ7DMdK4Z": "3.33.0"
      },
      "lang": "ts",
      "fileLocks": [
        {
          "type": "globalVariant",
          "assetId": "BByOFjTZbjEA",
          "checksum": "57e279adca3fd108a8b74610e4d99ff9"
        },
        {
          "type": "renderModule",
          "assetId": "LT7OhzMEg8SP",
          "checksum": "6beafb1f729d96639b87985ce88ff7bc"
        },
        {
          "type": "cssRules",
          "assetId": "LT7OhzMEg8SP",
          "checksum": "6beafb1f729d96639b87985ce88ff7bc"
        },
        {
          "type": "renderModule",
          "assetId": "XYhhZFiAgFz8",
          "checksum": "b67b12cc209e04ac00551620a5ac98c4"
        },
        {
          "type": "cssRules",
          "assetId": "XYhhZFiAgFz8",
          "checksum": "b67b12cc209e04ac00551620a5ac98c4"
        },
        {
          "type": "renderModule",
          "assetId": "nxKBKvpVYc_r",
          "checksum": "221921f83c0029fead6b47ded03f72a8"
        },
        {
          "type": "cssRules",
          "assetId": "nxKBKvpVYc_r",
          "checksum": "221921f83c0029fead6b47ded03f72a8"
        },
        {
          "type": "renderModule",
          "assetId": "TWQYn6j8yiF4",
          "checksum": "cdfb123d0ff468430f7ef0fff6526faa"
        },
        {
          "type": "cssRules",
          "assetId": "TWQYn6j8yiF4",
          "checksum": "cdfb123d0ff468430f7ef0fff6526faa"
        },
        {
          "type": "renderModule",
          "assetId": "cHv_wXSsbTVq",
          "checksum": "00e9d63db3b5300d312b9d4ee1d9e868"
        },
        {
          "type": "cssRules",
          "assetId": "cHv_wXSsbTVq",
          "checksum": "00e9d63db3b5300d312b9d4ee1d9e868"
        },
        {
          "type": "renderModule",
          "assetId": "tGz2QWyytV4T",
          "checksum": "5f341bca6aa8d0ace65ea4cd72c79805"
        },
        {
          "type": "cssRules",
          "assetId": "tGz2QWyytV4T",
          "checksum": "5f341bca6aa8d0ace65ea4cd72c79805"
        },
        {
          "type": "renderModule",
          "assetId": "1JFfF43ycoS1",
          "checksum": "d7235690af18e40d3e313b1d7024f6d8"
        },
        {
          "type": "cssRules",
          "assetId": "1JFfF43ycoS1",
          "checksum": "d7235690af18e40d3e313b1d7024f6d8"
        },
        {
          "type": "renderModule",
          "assetId": "M7FSrNvh01Bb",
          "checksum": "4bb54a0131db5d506e8a66ab53b3603f"
        },
        {
          "type": "cssRules",
          "assetId": "M7FSrNvh01Bb",
          "checksum": "4bb54a0131db5d506e8a66ab53b3603f"
        },
        {
          "type": "renderModule",
          "assetId": "x-WUVb1UdtEk",
          "checksum": "778fedf51a2eecd962855712caa573c4"
        },
        {
          "type": "cssRules",
          "assetId": "x-WUVb1UdtEk",
          "checksum": "778fedf51a2eecd962855712caa573c4"
        },
        {
          "type": "renderModule",
          "assetId": "MdFayujW6N0n",
          "checksum": "dc2fa12db30c8875f0efb4d8e781b44b"
        },
        {
          "type": "cssRules",
          "assetId": "MdFayujW6N0n",
          "checksum": "dc2fa12db30c8875f0efb4d8e781b44b"
        },
        {
          "type": "renderModule",
          "assetId": "3DHGFMCCchpq",
          "checksum": "8105579b8383a8e7bd8b3285efa011a6"
        },
        {
          "type": "cssRules",
          "assetId": "3DHGFMCCchpq",
          "checksum": "8105579b8383a8e7bd8b3285efa011a6"
        },
        {
          "type": "renderModule",
          "assetId": "uXKyS_1HHPeN",
          "checksum": "2a3b7c4bf27bbb35982fa355aff50ec5"
        },
        {
          "type": "cssRules",
          "assetId": "uXKyS_1HHPeN",
          "checksum": "2a3b7c4bf27bbb35982fa355aff50ec5"
        },
        {
          "type": "renderModule",
          "assetId": "I6lzfY3xdCvM",
          "checksum": "73ce0f5b828e0f45d9ea25f7eac4f6ff"
        },
        {
          "type": "cssRules",
          "assetId": "I6lzfY3xdCvM",
          "checksum": "73ce0f5b828e0f45d9ea25f7eac4f6ff"
        },
        {
          "type": "renderModule",
          "assetId": "-0cd1sMaAc0v",
          "checksum": "ce588bdae0a3a87e4f48fef6a999c1b9"
        },
        {
          "type": "cssRules",
          "assetId": "-0cd1sMaAc0v",
          "checksum": "ce588bdae0a3a87e4f48fef6a999c1b9"
        },
        {
          "type": "renderModule",
          "assetId": "Hq5FXfp1OMVd",
          "checksum": "8ea110a368e4c4782cdc3d05bbd2f3ad"
        },
        {
          "type": "cssRules",
          "assetId": "Hq5FXfp1OMVd",
          "checksum": "8ea110a368e4c4782cdc3d05bbd2f3ad"
        },
        {
          "type": "renderModule",
          "assetId": "V_3BGlrsf2mY",
          "checksum": "72264f169426feeba03a577ce7667dc5"
        },
        {
          "type": "cssRules",
          "assetId": "V_3BGlrsf2mY",
          "checksum": "72264f169426feeba03a577ce7667dc5"
        },
        {
          "type": "renderModule",
          "assetId": "23y1SDggi8Ko",
          "checksum": "dda22b5627089cb3107483c107e60144"
        },
        {
          "type": "cssRules",
          "assetId": "23y1SDggi8Ko",
          "checksum": "dda22b5627089cb3107483c107e60144"
        },
        {
          "type": "icon",
          "assetId": "nELg4fSiunnW",
          "checksum": "4d4767ad828526848f543db1c5fb9399"
        },
        {
          "type": "icon",
          "assetId": "lixJ7oSuiNeq",
          "checksum": "34771c2d42ea969a156e0a197501feb4"
        },
        {
          "type": "icon",
          "assetId": "ZwlhKNz16ciL",
          "checksum": "08316ed7056c85a889a0fe1e31c4dbb5"
        },
        {
          "type": "icon",
          "assetId": "IB_RYl67U9w9",
          "checksum": "7acf1b92a4ff9b787dd3502be508a56e"
        },
        {
          "type": "icon",
          "assetId": "wXhjyFdhDt7b",
          "checksum": "8afd9c33ae808a3389bec886baa8c728"
        },
        {
          "type": "icon",
          "assetId": "6m0AkRk1brN4",
          "checksum": "1fc1adbc84efb4f1d610f1105afa65ca"
        },
        {
          "type": "icon",
          "assetId": "LpAxg6jRC7f2",
          "checksum": "cd209440f8f18ff45b85c48fe6480187"
        },
        {
          "assetId": "ZK3Ka3GLBNfX7wb1NZz6y",
          "type": "projectCss",
          "checksum": "7149482fc7a061a418c92745b8b1aff5"
        }
      ],
      "codegenVersion": "0.0.1"
    }
  ],
  "cliVersion": "0.1.326"
}
